// !$*UTF8*$!
{
	archiveVersion = 1;
	classes = {
	};
	objectVersion = 56;
	objects = {

/* Begin PBXBuildFile section */
		F25A709229EBDFC300346B49 /* ActionRowView.swift in Sources */ = {isa = PBXBuildFile; fileRef = F25A709129EBDFC300346B49 /* ActionRowView.swift */; };
		F25A709429EBE04000346B49 /* BugetView.swift in Sources */ = {isa = PBXBuildFile; fileRef = F25A709329EBE04000346B49 /* BugetView.swift */; };
		F25A709629EBE1BB00346B49 /* ActionsListView.swift in Sources */ = {isa = PBXBuildFile; fileRef = F25A709529EBE1BB00346B49 /* ActionsListView.swift */; };
		F25A709829EBE26700346B49 /* ActionInputView.swift in Sources */ = {isa = PBXBuildFile; fileRef = F25A709729EBE26700346B49 /* ActionInputView.swift */; };
		F25F7D0029F3E88500EF395F /* AllActionsListView.swift in Sources */ = {isa = PBXBuildFile; fileRef = F25F7CFF29F3E88500EF395F /* AllActionsListView.swift */; };
		F25F7D0229F3EB4600EF395F /* HeaderView.swift in Sources */ = {isa = PBXBuildFile; fileRef = F25F7D0129F3EB4600EF395F /* HeaderView.swift */; };
		F25F7D0529F524CA00EF395F /* ActionStore.swift in Sources */ = {isa = PBXBuildFile; fileRef = F25F7D0429F524CA00EF395F /* ActionStore.swift */; };
		F25F7D0729F5494D00EF395F /* DailyActionEditView.swift in Sources */ = {isa = PBXBuildFile; fileRef = F25F7D0629F5494D00EF395F /* DailyActionEditView.swift */; };
		F272EE1D29F07B8F002C322B /* SettingsView.swift in Sources */ = {isa = PBXBuildFile; fileRef = F272EE1C29F07B8F002C322B /* SettingsView.swift */; };
		F2F2A13929E89FF6003804F5 /* LoffelApp.swift in Sources */ = {isa = PBXBuildFile; fileRef = F2F2A13829E89FF6003804F5 /* LoffelApp.swift */; };
		F2F2A13B29E89FF6003804F5 /* MainView.swift in Sources */ = {isa = PBXBuildFile; fileRef = F2F2A13A29E89FF6003804F5 /* MainView.swift */; };
		F2F2A13D29E89FF7003804F5 /* Assets.xcassets in Resources */ = {isa = PBXBuildFile; fileRef = F2F2A13C29E89FF7003804F5 /* Assets.xcassets */; };
		F2F2A14029E89FF7003804F5 /* Preview Assets.xcassets in Resources */ = {isa = PBXBuildFile; fileRef = F2F2A13F29E89FF7003804F5 /* Preview Assets.xcassets */; };
		F2F2A14729E8A078003804F5 /* Action.swift in Sources */ = {isa = PBXBuildFile; fileRef = F2F2A14629E8A078003804F5 /* Action.swift */; };
		F2F2A14929E8A4F0003804F5 /* Day.swift in Sources */ = {isa = PBXBuildFile; fileRef = F2F2A14829E8A4F0003804F5 /* Day.swift */; };
		F2F2A17929E9ECDA003804F5 /* FileManager+Extension.swift in Sources */ = {isa = PBXBuildFile; fileRef = F2F2A17829E9ECDA003804F5 /* FileManager+Extension.swift */; };
/* End PBXBuildFile section */

/* Begin PBXFileReference section */
		F25A709129EBDFC300346B49 /* ActionRowView.swift */ = {isa = PBXFileReference; lastKnownFileType = sourcecode.swift; path = ActionRowView.swift; sourceTree = "<group>"; };
		F25A709329EBE04000346B49 /* BugetView.swift */ = {isa = PBXFileReference; lastKnownFileType = sourcecode.swift; path = BugetView.swift; sourceTree = "<group>"; };
		F25A709529EBE1BB00346B49 /* ActionsListView.swift */ = {isa = PBXFileReference; lastKnownFileType = sourcecode.swift; path = ActionsListView.swift; sourceTree = "<group>"; };
		F25A709729EBE26700346B49 /* ActionInputView.swift */ = {isa = PBXFileReference; lastKnownFileType = sourcecode.swift; path = ActionInputView.swift; sourceTree = "<group>"; };
		F25F7CFF29F3E88500EF395F /* AllActionsListView.swift */ = {isa = PBXFileReference; lastKnownFileType = sourcecode.swift; path = AllActionsListView.swift; sourceTree = "<group>"; };
		F25F7D0129F3EB4600EF395F /* HeaderView.swift */ = {isa = PBXFileReference; lastKnownFileType = sourcecode.swift; path = HeaderView.swift; sourceTree = "<group>"; };
		F25F7D0429F524CA00EF395F /* ActionStore.swift */ = {isa = PBXFileReference; lastKnownFileType = sourcecode.swift; path = ActionStore.swift; sourceTree = "<group>"; };
		F25F7D0629F5494D00EF395F /* DailyActionEditView.swift */ = {isa = PBXFileReference; lastKnownFileType = sourcecode.swift; path = DailyActionEditView.swift; sourceTree = "<group>"; };
		F272EE1C29F07B8F002C322B /* SettingsView.swift */ = {isa = PBXFileReference; lastKnownFileType = sourcecode.swift; path = SettingsView.swift; sourceTree = "<group>"; };
		F2F2A13529E89FF6003804F5 /* Loffel.app */ = {isa = PBXFileReference; explicitFileType = wrapper.application; includeInIndex = 0; path = Loffel.app; sourceTree = BUILT_PRODUCTS_DIR; };
		F2F2A13829E89FF6003804F5 /* LoffelApp.swift */ = {isa = PBXFileReference; lastKnownFileType = sourcecode.swift; path = LoffelApp.swift; sourceTree = "<group>"; };
		F2F2A13A29E89FF6003804F5 /* MainView.swift */ = {isa = PBXFileReference; lastKnownFileType = sourcecode.swift; path = MainView.swift; sourceTree = "<group>"; };
		F2F2A13C29E89FF7003804F5 /* Assets.xcassets */ = {isa = PBXFileReference; lastKnownFileType = folder.assetcatalog; path = Assets.xcassets; sourceTree = "<group>"; };
		F2F2A13F29E89FF7003804F5 /* Preview Assets.xcassets */ = {isa = PBXFileReference; lastKnownFileType = folder.assetcatalog; path = "Preview Assets.xcassets"; sourceTree = "<group>"; };
		F2F2A14629E8A078003804F5 /* Action.swift */ = {isa = PBXFileReference; lastKnownFileType = sourcecode.swift; path = Action.swift; sourceTree = "<group>"; };
		F2F2A14829E8A4F0003804F5 /* Day.swift */ = {isa = PBXFileReference; lastKnownFileType = sourcecode.swift; path = Day.swift; sourceTree = "<group>"; };
		F2F2A17829E9ECDA003804F5 /* FileManager+Extension.swift */ = {isa = PBXFileReference; lastKnownFileType = sourcecode.swift; path = "FileManager+Extension.swift"; sourceTree = "<group>"; };
/* End PBXFileReference section */

/* Begin PBXFrameworksBuildPhase section */
		F2F2A13229E89FF6003804F5 /* Frameworks */ = {
			isa = PBXFrameworksBuildPhase;
			buildActionMask = 2147483647;
			files = (
			);
			runOnlyForDeploymentPostprocessing = 0;
		};
/* End PBXFrameworksBuildPhase section */

/* Begin PBXGroup section */
		F25F7D0329F4FDAC00EF395F /* ActionStore */ = {
			isa = PBXGroup;
			children = (
				F25F7CFF29F3E88500EF395F /* AllActionsListView.swift */,
			);
			path = ActionStore;
			sourceTree = "<group>";
		};
		F25F7D0829F54B4E00EF395F /* Edit */ = {
			isa = PBXGroup;
			children = (
				F25F7D0629F5494D00EF395F /* DailyActionEditView.swift */,
			);
			path = Edit;
			sourceTree = "<group>";
		};
		F272EE1A29F07B47002C322B /* Input */ = {
			isa = PBXGroup;
			children = (
				F25A709729EBE26700346B49 /* ActionInputView.swift */,
			);
			path = Input;
			sourceTree = "<group>";
		};
		F272EE1B29F07B5F002C322B /* Main */ = {
			isa = PBXGroup;
			children = (
				F2F2A13A29E89FF6003804F5 /* MainView.swift */,
				F25F7D0129F3EB4600EF395F /* HeaderView.swift */,
				F25A709329EBE04000346B49 /* BugetView.swift */,
				F25A709129EBDFC300346B49 /* ActionRowView.swift */,
				F25A709529EBE1BB00346B49 /* ActionsListView.swift */,
			);
			path = Main;
			sourceTree = "<group>";
		};
		F272EE1E29F07BE2002C322B /* Settings */ = {
			isa = PBXGroup;
			children = (
				F272EE1C29F07B8F002C322B /* SettingsView.swift */,
			);
			path = Settings;
			sourceTree = "<group>";
		};
		F2F2A12C29E89FF6003804F5 = {
			isa = PBXGroup;
			children = (
				F2F2A13729E89FF6003804F5 /* Loffel */,
				F2F2A13629E89FF6003804F5 /* Products */,
			);
			sourceTree = "<group>";
		};
		F2F2A13629E89FF6003804F5 /* Products */ = {
			isa = PBXGroup;
			children = (
				F2F2A13529E89FF6003804F5 /* Loffel.app */,
			);
			name = Products;
			sourceTree = "<group>";
		};
		F2F2A13729E89FF6003804F5 /* Loffel */ = {
			isa = PBXGroup;
			children = (
				F2F2A13829E89FF6003804F5 /* LoffelApp.swift */,
				F272EE1B29F07B5F002C322B /* Main */,
				F25F7D0329F4FDAC00EF395F /* ActionStore */,
				F272EE1A29F07B47002C322B /* Input */,
				F25F7D0829F54B4E00EF395F /* Edit */,
				F272EE1E29F07BE2002C322B /* Settings */,
				F2F2A17729E9EC26003804F5 /* Model */,
				F2F2A13C29E89FF7003804F5 /* Assets.xcassets */,
				F2F2A13E29E89FF7003804F5 /* Preview Content */,
			);
			path = Loffel;
			sourceTree = "<group>";
		};
		F2F2A13E29E89FF7003804F5 /* Preview Content */ = {
			isa = PBXGroup;
			children = (
				F2F2A13F29E89FF7003804F5 /* Preview Assets.xcassets */,
			);
			path = "Preview Content";
			sourceTree = "<group>";
		};
		F2F2A17729E9EC26003804F5 /* Model */ = {
			isa = PBXGroup;
			children = (
				F2F2A14629E8A078003804F5 /* Action.swift */,
				F2F2A14829E8A4F0003804F5 /* Day.swift */,
				F2F2A17829E9ECDA003804F5 /* FileManager+Extension.swift */,
				F25F7D0429F524CA00EF395F /* ActionStore.swift */,
			);
			path = Model;
			sourceTree = "<group>";
		};
/* End PBXGroup section */

/* Begin PBXNativeTarget section */
		F2F2A13429E89FF6003804F5 /* Loffel */ = {
			isa = PBXNativeTarget;
			buildConfigurationList = F2F2A14329E89FF7003804F5 /* Build configuration list for PBXNativeTarget "Loffel" */;
			buildPhases = (
				F2F2A13129E89FF6003804F5 /* Sources */,
				F2F2A13229E89FF6003804F5 /* Frameworks */,
				F2F2A13329E89FF6003804F5 /* Resources */,
			);
			buildRules = (
			);
			dependencies = (
			);
			name = Loffel;
			productName = Loffel;
			productReference = F2F2A13529E89FF6003804F5 /* Loffel.app */;
			productType = "com.apple.product-type.application";
		};
/* End PBXNativeTarget section */

/* Begin PBXProject section */
		F2F2A12D29E89FF6003804F5 /* Project object */ = {
			isa = PBXProject;
			attributes = {
				BuildIndependentTargetsInParallel = 1;
				LastSwiftUpdateCheck = 1420;
				LastUpgradeCheck = 1420;
				TargetAttributes = {
					F2F2A13429E89FF6003804F5 = {
						CreatedOnToolsVersion = 14.2;
					};
				};
			};
			buildConfigurationList = F2F2A13029E89FF6003804F5 /* Build configuration list for PBXProject "Loffel" */;
			compatibilityVersion = "Xcode 14.0";
			developmentRegion = en;
			hasScannedForEncodings = 0;
			knownRegions = (
				en,
				Base,
			);
			mainGroup = F2F2A12C29E89FF6003804F5;
			productRefGroup = F2F2A13629E89FF6003804F5 /* Products */;
			projectDirPath = "";
			projectRoot = "";
			targets = (
				F2F2A13429E89FF6003804F5 /* Loffel */,
			);
		};
/* End PBXProject section */

/* Begin PBXResourcesBuildPhase section */
		F2F2A13329E89FF6003804F5 /* Resources */ = {
			isa = PBXResourcesBuildPhase;
			buildActionMask = 2147483647;
			files = (
				F2F2A14029E89FF7003804F5 /* Preview Assets.xcassets in Resources */,
				F2F2A13D29E89FF7003804F5 /* Assets.xcassets in Resources */,
			);
			runOnlyForDeploymentPostprocessing = 0;
		};
/* End PBXResourcesBuildPhase section */

/* Begin PBXSourcesBuildPhase section */
		F2F2A13129E89FF6003804F5 /* Sources */ = {
			isa = PBXSourcesBuildPhase;
			buildActionMask = 2147483647;
			files = (
				F25A709629EBE1BB00346B49 /* ActionsListView.swift in Sources */,
				F25F7D0529F524CA00EF395F /* ActionStore.swift in Sources */,
				F25A709229EBDFC300346B49 /* ActionRowView.swift in Sources */,
				F2F2A13B29E89FF6003804F5 /* MainView.swift in Sources */,
				F25A709829EBE26700346B49 /* ActionInputView.swift in Sources */,
				F2F2A17929E9ECDA003804F5 /* FileManager+Extension.swift in Sources */,
				F272EE1D29F07B8F002C322B /* SettingsView.swift in Sources */,
				F25A709429EBE04000346B49 /* BugetView.swift in Sources */,
				F25F7D0729F5494D00EF395F /* DailyActionEditView.swift in Sources */,
				F25F7D0029F3E88500EF395F /* AllActionsListView.swift in Sources */,
				F2F2A14729E8A078003804F5 /* Action.swift in Sources */,
				F2F2A14929E8A4F0003804F5 /* Day.swift in Sources */,
				F2F2A13929E89FF6003804F5 /* LoffelApp.swift in Sources */,
				F25F7D0229F3EB4600EF395F /* HeaderView.swift in Sources */,
			);
			runOnlyForDeploymentPostprocessing = 0;
		};
/* End PBXSourcesBuildPhase section */

/* Begin XCBuildConfiguration section */
		F2F2A14129E89FF7003804F5 /* Debug */ = {
			isa = XCBuildConfiguration;
			buildSettings = {
				ALWAYS_SEARCH_USER_PATHS = NO;
				CLANG_ANALYZER_NONNULL = YES;
				CLANG_ANALYZER_NUMBER_OBJECT_CONVERSION = YES_AGGRESSIVE;
				CLANG_CXX_LANGUAGE_STANDARD = "gnu++20";
				CLANG_ENABLE_MODULES = YES;
				CLANG_ENABLE_OBJC_ARC = YES;
				CLANG_ENABLE_OBJC_WEAK = YES;
				CLANG_WARN_BLOCK_CAPTURE_AUTORELEASING = YES;
				CLANG_WARN_BOOL_CONVERSION = YES;
				CLANG_WARN_COMMA = YES;
				CLANG_WARN_CONSTANT_CONVERSION = YES;
				CLANG_WARN_DEPRECATED_OBJC_IMPLEMENTATIONS = YES;
				CLANG_WARN_DIRECT_OBJC_ISA_USAGE = YES_ERROR;
				CLANG_WARN_DOCUMENTATION_COMMENTS = YES;
				CLANG_WARN_EMPTY_BODY = YES;
				CLANG_WARN_ENUM_CONVERSION = YES;
				CLANG_WARN_INFINITE_RECURSION = YES;
				CLANG_WARN_INT_CONVERSION = YES;
				CLANG_WARN_NON_LITERAL_NULL_CONVERSION = YES;
				CLANG_WARN_OBJC_IMPLICIT_RETAIN_SELF = YES;
				CLANG_WARN_OBJC_LITERAL_CONVERSION = YES;
				CLANG_WARN_OBJC_ROOT_CLASS = YES_ERROR;
				CLANG_WARN_QUOTED_INCLUDE_IN_FRAMEWORK_HEADER = YES;
				CLANG_WARN_RANGE_LOOP_ANALYSIS = YES;
				CLANG_WARN_STRICT_PROTOTYPES = YES;
				CLANG_WARN_SUSPICIOUS_MOVE = YES;
				CLANG_WARN_UNGUARDED_AVAILABILITY = YES_AGGRESSIVE;
				CLANG_WARN_UNREACHABLE_CODE = YES;
				CLANG_WARN__DUPLICATE_METHOD_MATCH = YES;
				COPY_PHASE_STRIP = NO;
				DEBUG_INFORMATION_FORMAT = dwarf;
				ENABLE_STRICT_OBJC_MSGSEND = YES;
				ENABLE_TESTABILITY = YES;
				GCC_C_LANGUAGE_STANDARD = gnu11;
				GCC_DYNAMIC_NO_PIC = NO;
				GCC_NO_COMMON_BLOCKS = YES;
				GCC_OPTIMIZATION_LEVEL = 0;
				GCC_PREPROCESSOR_DEFINITIONS = (
					"DEBUG=1",
					"$(inherited)",
				);
				GCC_WARN_64_TO_32_BIT_CONVERSION = YES;
				GCC_WARN_ABOUT_RETURN_TYPE = YES_ERROR;
				GCC_WARN_UNDECLARED_SELECTOR = YES;
				GCC_WARN_UNINITIALIZED_AUTOS = YES_AGGRESSIVE;
				GCC_WARN_UNUSED_FUNCTION = YES;
				GCC_WARN_UNUSED_VARIABLE = YES;
				IPHONEOS_DEPLOYMENT_TARGET = 16.2;
				MTL_ENABLE_DEBUG_INFO = INCLUDE_SOURCE;
				MTL_FAST_MATH = YES;
				ONLY_ACTIVE_ARCH = YES;
				SDKROOT = iphoneos;
				SWIFT_ACTIVE_COMPILATION_CONDITIONS = DEBUG;
				SWIFT_OPTIMIZATION_LEVEL = "-Onone";
			};
			name = Debug;
		};
		F2F2A14229E89FF7003804F5 /* Release */ = {
			isa = XCBuildConfiguration;
			buildSettings = {
				ALWAYS_SEARCH_USER_PATHS = NO;
				CLANG_ANALYZER_NONNULL = YES;
				CLANG_ANALYZER_NUMBER_OBJECT_CONVERSION = YES_AGGRESSIVE;
				CLANG_CXX_LANGUAGE_STANDARD = "gnu++20";
				CLANG_ENABLE_MODULES = YES;
				CLANG_ENABLE_OBJC_ARC = YES;
				CLANG_ENABLE_OBJC_WEAK = YES;
				CLANG_WARN_BLOCK_CAPTURE_AUTORELEASING = YES;
				CLANG_WARN_BOOL_CONVERSION = YES;
				CLANG_WARN_COMMA = YES;
				CLANG_WARN_CONSTANT_CONVERSION = YES;
				CLANG_WARN_DEPRECATED_OBJC_IMPLEMENTATIONS = YES;
				CLANG_WARN_DIRECT_OBJC_ISA_USAGE = YES_ERROR;
				CLANG_WARN_DOCUMENTATION_COMMENTS = YES;
				CLANG_WARN_EMPTY_BODY = YES;
				CLANG_WARN_ENUM_CONVERSION = YES;
				CLANG_WARN_INFINITE_RECURSION = YES;
				CLANG_WARN_INT_CONVERSION = YES;
				CLANG_WARN_NON_LITERAL_NULL_CONVERSION = YES;
				CLANG_WARN_OBJC_IMPLICIT_RETAIN_SELF = YES;
				CLANG_WARN_OBJC_LITERAL_CONVERSION = YES;
				CLANG_WARN_OBJC_ROOT_CLASS = YES_ERROR;
				CLANG_WARN_QUOTED_INCLUDE_IN_FRAMEWORK_HEADER = YES;
				CLANG_WARN_RANGE_LOOP_ANALYSIS = YES;
				CLANG_WARN_STRICT_PROTOTYPES = YES;
				CLANG_WARN_SUSPICIOUS_MOVE = YES;
				CLANG_WARN_UNGUARDED_AVAILABILITY = YES_AGGRESSIVE;
				CLANG_WARN_UNREACHABLE_CODE = YES;
				CLANG_WARN__DUPLICATE_METHOD_MATCH = YES;
				COPY_PHASE_STRIP = NO;
				DEBUG_INFORMATION_FORMAT = "dwarf-with-dsym";
				ENABLE_NS_ASSERTIONS = NO;
				ENABLE_STRICT_OBJC_MSGSEND = YES;
				GCC_C_LANGUAGE_STANDARD = gnu11;
				GCC_NO_COMMON_BLOCKS = YES;
				GCC_WARN_64_TO_32_BIT_CONVERSION = YES;
				GCC_WARN_ABOUT_RETURN_TYPE = YES_ERROR;
				GCC_WARN_UNDECLARED_SELECTOR = YES;
				GCC_WARN_UNINITIALIZED_AUTOS = YES_AGGRESSIVE;
				GCC_WARN_UNUSED_FUNCTION = YES;
				GCC_WARN_UNUSED_VARIABLE = YES;
				IPHONEOS_DEPLOYMENT_TARGET = 16.2;
				MTL_ENABLE_DEBUG_INFO = NO;
				MTL_FAST_MATH = YES;
				SDKROOT = iphoneos;
				SWIFT_COMPILATION_MODE = wholemodule;
				SWIFT_OPTIMIZATION_LEVEL = "-O";
				VALIDATE_PRODUCT = YES;
			};
			name = Release;
		};
		F2F2A14429E89FF7003804F5 /* Debug */ = {
			isa = XCBuildConfiguration;
			buildSettings = {
				ASSETCATALOG_COMPILER_APPICON_NAME = AppIcon;
				ASSETCATALOG_COMPILER_GLOBAL_ACCENT_COLOR_NAME = AccentColor;
				CODE_SIGN_STYLE = Automatic;
				CURRENT_PROJECT_VERSION = 6;
				DEVELOPMENT_ASSET_PATHS = "\"Loffel/Preview Content\"";
				DEVELOPMENT_TEAM = Q6PD97MRX4;
				ENABLE_PREVIEWS = YES;
				GENERATE_INFOPLIST_FILE = YES;
				INFOPLIST_KEY_CFBundleDisplayName = "Daily Spoons";
				INFOPLIST_KEY_UIApplicationSceneManifest_Generation = YES;
				INFOPLIST_KEY_UIApplicationSupportsIndirectInputEvents = YES;
				INFOPLIST_KEY_UILaunchScreen_Generation = YES;
				INFOPLIST_KEY_UISupportedInterfaceOrientations = UIInterfaceOrientationPortrait;
				INFOPLIST_KEY_UISupportedInterfaceOrientations_iPad = "UIInterfaceOrientationLandscapeLeft UIInterfaceOrientationLandscapeRight UIInterfaceOrientationPortrait UIInterfaceOrientationPortraitUpsideDown";
				IPHONEOS_DEPLOYMENT_TARGET = 16.0;
				LD_RUNPATH_SEARCH_PATHS = (
					"$(inherited)",
					"@executable_path/Frameworks",
				);
				MARKETING_VERSION = 1.0;
				PRODUCT_BUNDLE_IDENTIFIER = de.dasdom.DailySpoons;
				PRODUCT_NAME = "$(TARGET_NAME)";
				SWIFT_EMIT_LOC_STRINGS = YES;
				SWIFT_VERSION = 5.0;
				TARGETED_DEVICE_FAMILY = "1,2";
			};
			name = Debug;
		};
		F2F2A14529E89FF7003804F5 /* Release */ = {
			isa = XCBuildConfiguration;
			buildSettings = {
				ASSETCATALOG_COMPILER_APPICON_NAME = AppIcon;
				ASSETCATALOG_COMPILER_GLOBAL_ACCENT_COLOR_NAME = AccentColor;
				CODE_SIGN_STYLE = Automatic;
				CURRENT_PROJECT_VERSION = 6;
				DEVELOPMENT_ASSET_PATHS = "\"Loffel/Preview Content\"";
				DEVELOPMENT_TEAM = Q6PD97MRX4;
				ENABLE_PREVIEWS = YES;
				GENERATE_INFOPLIST_FILE = YES;
				INFOPLIST_KEY_CFBundleDisplayName = "Daily Spoons";
				INFOPLIST_KEY_UIApplicationSceneManifest_Generation = YES;
				INFOPLIST_KEY_UIApplicationSupportsIndirectInputEvents = YES;
				INFOPLIST_KEY_UILaunchScreen_Generation = YES;
				INFOPLIST_KEY_UISupportedInterfaceOrientations = UIInterfaceOrientationPortrait;
				INFOPLIST_KEY_UISupportedInterfaceOrientations_iPad = "UIInterfaceOrientationLandscapeLeft UIInterfaceOrientationLandscapeRight UIInterfaceOrientationPortrait UIInterfaceOrientationPortraitUpsideDown";
				IPHONEOS_DEPLOYMENT_TARGET = 16.0;
				LD_RUNPATH_SEARCH_PATHS = (
					"$(inherited)",
					"@executable_path/Frameworks",
				);
				MARKETING_VERSION = 1.0;
				PRODUCT_BUNDLE_IDENTIFIER = de.dasdom.DailySpoons;
				PRODUCT_NAME = "$(TARGET_NAME)";
				SWIFT_EMIT_LOC_STRINGS = YES;
				SWIFT_VERSION = 5.0;
				TARGETED_DEVICE_FAMILY = "1,2";
			};
			name = Release;
		};
/* End XCBuildConfiguration section */

/* Begin XCConfigurationList section */
		F2F2A13029E89FF6003804F5 /* Build configuration list for PBXProject "Loffel" */ = {
			isa = XCConfigurationList;
			buildConfigurations = (
				F2F2A14129E89FF7003804F5 /* Debug */,
				F2F2A14229E89FF7003804F5 /* Release */,
			);
			defaultConfigurationIsVisible = 0;
			defaultConfigurationName = Release;
		};
		F2F2A14329E89FF7003804F5 /* Build configuration list for PBXNativeTarget "Loffel" */ = {
			isa = XCConfigurationList;
			buildConfigurations = (
				F2F2A14429E89FF7003804F5 /* Debug */,
				F2F2A14529E89FF7003804F5 /* Release */,
			);
			defaultConfigurationIsVisible = 0;
			defaultConfigurationName = Release;
		};
/* End XCConfigurationList section */
	};
	rootObject = F2F2A12D29E89FF6003804F5 /* Project object */;
}
